
Microsoft Visual Studio Solution File, Format Version 12.00
# Visual Studio Version 17
VisualStudioVersion = 17.14.36623.8 d17.14
MinimumVisualStudioVersion = 10.0.40219.1
Project("{FAE04EC0-301F-11D3-BF4B-00C04F79EFBC}") = "GameManagement", "GameManagement\GameManagement.csproj", "{86E29E17-9703-4BC4-A991-64AC783977C6}"
EndProject
Global
	GlobalSection(SolutionConfigurationPlatforms) = preSolution
		Debug|Any CPU = Debug|Any CPU
		Release|Any CPU = Release|Any CPU
	EndGlobalSection
	GlobalSection(ProjectConfigurationPlatforms) = postSolution
		{86E29E17-9703-4BC4-A991-64AC783977C6}.Debug|Any CPU.ActiveCfg = Debug|Any CPU
		{86E29E17-9703-4BC4-A991-64AC783977C6}.Debug|Any CPU.Build.0 = Debug|Any CPU
		{86E29E17-9703-4BC4-A991-64AC783977C6}.Release|Any CPU.ActiveCfg = Release|Any CPU
		{86E29E17-9703-4BC4-A991-64AC783977C6}.Release|Any CPU.Build.0 = Release|Any CPU
	EndGlobalSection
	GlobalSection(SolutionProperties) = preSolution
		HideSolutionNode = FALSE
	EndGlobalSection
	GlobalSection(ExtensibilityGlobals) = postSolution
		SolutionGuid = {B1F4E8BD-9E2C-4A6A-8E70-B210BB7078B5}
	EndGlobalSection
EndGlobal
